// !$*UTF8*$!
{
	archiveVersion = 1;
	classes = {
	};
	objectVersion = 56;
	objects = {

/* Begin PBXBuildFile section */
		FBFF06532B5F5128003B54D6 /* AppDelegate.swift in Sources */ = {isa = PBXBuildFile; fileRef = FBFF06522B5F5128003B54D6 /* AppDelegate.swift */; };
		FBFF06552B5F5128003B54D6 /* SceneDelegate.swift in Sources */ = {isa = PBXBuildFile; fileRef = FBFF06542B5F5128003B54D6 /* SceneDelegate.swift */; };
		FBFF06572B5F5128003B54D6 /* ViewController.swift in Sources */ = {isa = PBXBuildFile; fileRef = FBFF06562B5F5128003B54D6 /* ViewController.swift */; };
		FBFF065A2B5F5128003B54D6 /* Main.storyboard in Resources */ = {isa = PBXBuildFile; fileRef = FBFF06582B5F5128003B54D6 /* Main.storyboard */; };
		FBFF065C2B5F5129003B54D6 /* Assets.xcassets in Resources */ = {isa = PBXBuildFile; fileRef = FBFF065B2B5F5129003B54D6 /* Assets.xcassets */; };
		FBFF065F2B5F5129003B54D6 /* LaunchScreen.storyboard in Resources */ = {isa = PBXBuildFile; fileRef = FBFF065D2B5F5129003B54D6 /* LaunchScreen.storyboard */; };
		FBFF066A2B5F5129003B54D6 /* Actividad2Tests.swift in Sources */ = {isa = PBXBuildFile; fileRef = FBFF06692B5F5129003B54D6 /* Actividad2Tests.swift */; };
		FBFF06742B5F5129003B54D6 /* Actividad2UITests.swift in Sources */ = {isa = PBXBuildFile; fileRef = FBFF06732B5F5129003B54D6 /* Actividad2UITests.swift */; };
		FBFF06762B5F5129003B54D6 /* Actividad2UITestsLaunchTests.swift in Sources */ = {isa = PBXBuildFile; fileRef = FBFF06752B5F5129003B54D6 /* Actividad2UITestsLaunchTests.swift */; };
/* End PBXBuildFile section */

/* Begin PBXContainerItemProxy section */
		FBFF06662B5F5129003B54D6 /* PBXContainerItemProxy */ = {
			isa = PBXContainerItemProxy;
			containerPortal = FBFF06472B5F5128003B54D6 /* Project object */;
			proxyType = 1;
			remoteGlobalIDString = FBFF064E2B5F5128003B54D6;
			remoteInfo = Actividad2;
		};
		FBFF06702B5F5129003B54D6 /* PBXContainerItemProxy */ = {
			isa = PBXContainerItemProxy;
			containerPortal = FBFF06472B5F5128003B54D6 /* Project object */;
			proxyType = 1;
			remoteGlobalIDString = FBFF064E2B5F5128003B54D6;
			remoteInfo = Actividad2;
		};
/* End PBXContainerItemProxy section */

/* Begin PBXFileReference section */
		FBFF064F2B5F5128003B54D6 /* Actividad2.app */ = {isa = PBXFileReference; explicitFileType = wrapper.application; includeInIndex = 0; path = Actividad2.app; sourceTree = BUILT_PRODUCTS_DIR; };
		FBFF06522B5F5128003B54D6 /* AppDelegate.swift */ = {isa = PBXFileReference; lastKnownFileType = sourcecode.swift; path = AppDelegate.swift; sourceTree = "<group>"; };
		FBFF06542B5F5128003B54D6 /* SceneDelegate.swift */ = {isa = PBXFileReference; lastKnownFileType = sourcecode.swift; path = SceneDelegate.swift; sourceTree = "<group>"; };
		FBFF06562B5F5128003B54D6 /* ViewController.swift */ = {isa = PBXFileReference; lastKnownFileType = sourcecode.swift; path = ViewController.swift; sourceTree = "<group>"; };
		FBFF06592B5F5128003B54D6 /* Base */ = {isa = PBXFileReference; lastKnownFileType = file.storyboard; name = Base; path = Base.lproj/Main.storyboard; sourceTree = "<group>"; };
		FBFF065B2B5F5129003B54D6 /* Assets.xcassets */ = {isa = PBXFileReference; lastKnownFileType = folder.assetcatalog; path = Assets.xcassets; sourceTree = "<group>"; };
		FBFF065E2B5F5129003B54D6 /* Base */ = {isa = PBXFileReference; lastKnownFileType = file.storyboard; name = Base; path = Base.lproj/LaunchScreen.storyboard; sourceTree = "<group>"; };
		FBFF06602B5F5129003B54D6 /* Info.plist */ = {isa = PBXFileReference; lastKnownFileType = text.plist.xml; path = Info.plist; sourceTree = "<group>"; };
		FBFF06652B5F5129003B54D6 /* Actividad2Tests.xctest */ = {isa = PBXFileReference; explicitFileType = wrapper.cfbundle; includeInIndex = 0; path = Actividad2Tests.xctest; sourceTree = BUILT_PRODUCTS_DIR; };
		FBFF06692B5F5129003B54D6 /* Actividad2Tests.swift */ = {isa = PBXFileReference; lastKnownFileType = sourcecode.swift; path = Actividad2Tests.swift; sourceTree = "<group>"; };
		FBFF066F2B5F5129003B54D6 /* Actividad2UITests.xctest */ = {isa = PBXFileReference; explicitFileType = wrapper.cfbundle; includeInIndex = 0; path = Actividad2UITests.xctest; sourceTree = BUILT_PRODUCTS_DIR; };
		FBFF06732B5F5129003B54D6 /* Actividad2UITests.swift */ = {isa = PBXFileReference; lastKnownFileType = sourcecode.swift; path = Actividad2UITests.swift; sourceTree = "<group>"; };
		FBFF06752B5F5129003B54D6 /* Actividad2UITestsLaunchTests.swift */ = {isa = PBXFileReference; lastKnownFileType = sourcecode.swift; path = Actividad2UITestsLaunchTests.swift; sourceTree = "<group>"; };
/* End PBXFileReference section */

/* Begin PBXFrameworksBuildPhase section */
		FBFF064C2B5F5128003B54D6 /* Frameworks */ = {
			isa = PBXFrameworksBuildPhase;
			buildActionMask = 2147483647;
			files = (
			);
			runOnlyForDeploymentPostprocessing = 0;
		};
		FBFF06622B5F5129003B54D6 /* Frameworks */ = {
			isa = PBXFrameworksBuildPhase;
			buildActionMask = 2147483647;
			files = (
			);
			runOnlyForDeploymentPostprocessing = 0;
		};
		FBFF066C2B5F5129003B54D6 /* Frameworks */ = {
			isa = PBXFrameworksBuildPhase;
			buildActionMask = 2147483647;
			files = (
			);
			runOnlyForDeploymentPostprocessing = 0;
		};
/* End PBXFrameworksBuildPhase section */

/* Begin PBXGroup section */
		FBFF06462B5F5128003B54D6 = {
			isa = PBXGroup;
			children = (
				FBFF06512B5F5128003B54D6 /* Actividad2 */,
				FBFF06682B5F5129003B54D6 /* Actividad2Tests */,
				FBFF06722B5F5129003B54D6 /* Actividad2UITests */,
				FBFF06502B5F5128003B54D6 /* Products */,
			);
			sourceTree = "<group>";
		};
		FBFF06502B5F5128003B54D6 /* Products */ = {
			isa = PBXGroup;
			children = (
				FBFF064F2B5F5128003B54D6 /* Actividad2.app */,
				FBFF06652B5F5129003B54D6 /* Actividad2Tests.xctest */,
				FBFF066F2B5F5129003B54D6 /* Actividad2UITests.xctest */,
			);
			name = Products;
			sourceTree = "<group>";
		};
		FBFF06512B5F5128003B54D6 /* Actividad2 */ = {
			isa = PBXGroup;
			children = (
				FBFF06522B5F5128003B54D6 /* AppDelegate.swift */,
				FBFF06542B5F5128003B54D6 /* SceneDelegate.swift */,
				FBFF06562B5F5128003B54D6 /* ViewController.swift */,
				FBFF06582B5F5128003B54D6 /* Main.storyboard */,
				FBFF065B2B5F5129003B54D6 /* Assets.xcassets */,
				FBFF065D2B5F5129003B54D6 /* LaunchScreen.storyboard */,
				FBFF06602B5F5129003B54D6 /* Info.plist */,
			);
			path = Actividad2;
			sourceTree = "<group>";
		};
		FBFF06682B5F5129003B54D6 /* Actividad2Tests */ = {
			isa = PBXGroup;
			children = (
				FBFF06692B5F5129003B54D6 /* Actividad2Tests.swift */,
			);
			path = Actividad2Tests;
			sourceTree = "<group>";
		};
		FBFF06722B5F5129003B54D6 /* Actividad2UITests */ = {
			isa = PBXGroup;
			children = (
				FBFF06732B5F5129003B54D6 /* Actividad2UITests.swift */,
				FBFF06752B5F5129003B54D6 /* Actividad2UITestsLaunchTests.swift */,
			);
			path = Actividad2UITests;
			sourceTree = "<group>";
		};
/* End PBXGroup section */

/* Begin PBXNativeTarget section */
		FBFF064E2B5F5128003B54D6 /* Actividad2 */ = {
			isa = PBXNativeTarget;
			buildConfigurationList = FBFF06792B5F5129003B54D6 /* Build configuration list for PBXNativeTarget "Actividad2" */;
			buildPhases = (
				FBFF064B2B5F5128003B54D6 /* Sources */,
				FBFF064C2B5F5128003B54D6 /* Frameworks */,
				FBFF064D2B5F5128003B54D6 /* Resources */,
			);
			buildRules = (
			);
			dependencies = (
			);
			name = Actividad2;
			productName = Actividad2;
			productReference = FBFF064F2B5F5128003B54D6 /* Actividad2.app */;
			productType = "com.apple.product-type.application";
		};
		FBFF06642B5F5129003B54D6 /* Actividad2Tests */ = {
			isa = PBXNativeTarget;
			buildConfigurationList = FBFF067C2B5F5129003B54D6 /* Build configuration list for PBXNativeTarget "Actividad2Tests" */;
			buildPhases = (
				FBFF06612B5F5129003B54D6 /* Sources */,
				FBFF06622B5F5129003B54D6 /* Frameworks */,
				FBFF06632B5F5129003B54D6 /* Resources */,
			);
			buildRules = (
			);
			dependencies = (
				FBFF06672B5F5129003B54D6 /* PBXTargetDependency */,
			);
			name = Actividad2Tests;
			productName = Actividad2Tests;
			productReference = FBFF06652B5F5129003B54D6 /* Actividad2Tests.xctest */;
			productType = "com.apple.product-type.bundle.unit-test";
		};
		FBFF066E2B5F5129003B54D6 /* Actividad2UITests */ = {
			isa = PBXNativeTarget;
			buildConfigurationList = FBFF067F2B5F5129003B54D6 /* Build configuration list for PBXNativeTarget "Actividad2UITests" */;
			buildPhases = (
				FBFF066B2B5F5129003B54D6 /* Sources */,
				FBFF066C2B5F5129003B54D6 /* Frameworks */,
				FBFF066D2B5F5129003B54D6 /* Resources */,
			);
			buildRules = (
			);
			dependencies = (
				FBFF06712B5F5129003B54D6 /* PBXTargetDependency */,
			);
			name = Actividad2UITests;
			productName = Actividad2UITests;
			productReference = FBFF066F2B5F5129003B54D6 /* Actividad2UITests.xctest */;
			productType = "com.apple.product-type.bundle.ui-testing";
		};
/* End PBXNativeTarget section */

/* Begin PBXProject section */
		FBFF06472B5F5128003B54D6 /* Project object */ = {
			isa = PBXProject;
			attributes = {
				BuildIndependentTargetsInParallel = 1;
				LastSwiftUpdateCheck = 1430;
				LastUpgradeCheck = 1430;
				TargetAttributes = {
					FBFF064E2B5F5128003B54D6 = {
						CreatedOnToolsVersion = 14.3.1;
					};
					FBFF06642B5F5129003B54D6 = {
						CreatedOnToolsVersion = 14.3.1;
						TestTargetID = FBFF064E2B5F5128003B54D6;
					};
					FBFF066E2B5F5129003B54D6 = {
						CreatedOnToolsVersion = 14.3.1;
						TestTargetID = FBFF064E2B5F5128003B54D6;
					};
				};
			};
			buildConfigurationList = FBFF064A2B5F5128003B54D6 /* Build configuration list for PBXProject "Actividad2" */;
			compatibilityVersion = "Xcode 14.0";
			developmentRegion = en;
			hasScannedForEncodings = 0;
			knownRegions = (
				en,
				Base,
			);
			mainGroup = FBFF06462B5F5128003B54D6;
			productRefGroup = FBFF06502B5F5128003B54D6 /* Products */;
			projectDirPath = "";
			projectRoot = "";
			targets = (
				FBFF064E2B5F5128003B54D6 /* Actividad2 */,
				FBFF06642B5F5129003B54D6 /* Actividad2Tests */,
				FBFF066E2B5F5129003B54D6 /* Actividad2UITests */,
			);
		};
/* End PBXProject section */

/* Begin PBXResourcesBuildPhase section */
		FBFF064D2B5F5128003B54D6 /* Resources */ = {
			isa = PBXResourcesBuildPhase;
			buildActionMask = 2147483647;
			files = (
				FBFF065F2B5F5129003B54D6 /* LaunchScreen.storyboard in Resources */,
				FBFF065C2B5F5129003B54D6 /* Assets.xcassets in Resources */,
				FBFF065A2B5F5128003B54D6 /* Main.storyboard in Resources */,
			);
			runOnlyForDeploymentPostprocessing = 0;
		};
		FBFF06632B5F5129003B54D6 /* Resources */ = {
			isa = PBXResourcesBuildPhase;
			buildActionMask = 2147483647;
			files = (
			);
			runOnlyForDeploymentPostprocessing = 0;
		};
		FBFF066D2B5F5129003B54D6 /* Resources */ = {
			isa = PBXResourcesBuildPhase;
			buildActionMask = 2147483647;
			files = (
			);
			runOnlyForDeploymentPostprocessing = 0;
		};
/* End PBXResourcesBuildPhase section */

/* Begin PBXSourcesBuildPhase section */
		FBFF064B2B5F5128003B54D6 /* Sources */ = {
			isa = PBXSourcesBuildPhase;
			buildActionMask = 2147483647;
			files = (
				FBFF06572B5F5128003B54D6 /* ViewController.swift in Sources */,
				FBFF06532B5F5128003B54D6 /* AppDelegate.swift in Sources */,
				FBFF06552B5F5128003B54D6 /* SceneDelegate.swift in Sources */,
			);
			runOnlyForDeploymentPostprocessing = 0;
		};
		FBFF06612B5F5129003B54D6 /* Sources */ = {
			isa = PBXSourcesBuildPhase;
			buildActionMask = 2147483647;
			files = (
				FBFF066A2B5F5129003B54D6 /* Actividad2Tests.swift in Sources */,
			);
			runOnlyForDeploymentPostprocessing = 0;
		};
		FBFF066B2B5F5129003B54D6 /* Sources */ = {
			isa = PBXSourcesBuildPhase;
			buildActionMask = 2147483647;
			files = (
				FBFF06742B5F5129003B54D6 /* Actividad2UITests.swift in Sources */,
				FBFF06762B5F5129003B54D6 /* Actividad2UITestsLaunchTests.swift in Sources */,
			);
			runOnlyForDeploymentPostprocessing = 0;
		};
/* End PBXSourcesBuildPhase section */

/* Begin PBXTargetDependency section */
		FBFF06672B5F5129003B54D6 /* PBXTargetDependency */ = {
			isa = PBXTargetDependency;
			target = FBFF064E2B5F5128003B54D6 /* Actividad2 */;
			targetProxy = FBFF06662B5F5129003B54D6 /* PBXContainerItemProxy */;
		};
		FBFF06712B5F5129003B54D6 /* PBXTargetDependency */ = {
			isa = PBXTargetDependency;
			target = FBFF064E2B5F5128003B54D6 /* Actividad2 */;
			targetProxy = FBFF06702B5F5129003B54D6 /* PBXContainerItemProxy */;
		};
/* End PBXTargetDependency section */

/* Begin PBXVariantGroup section */
		FBFF06582B5F5128003B54D6 /* Main.storyboard */ = {
			isa = PBXVariantGroup;
			children = (
				FBFF06592B5F5128003B54D6 /* Base */,
			);
			name = Main.storyboard;
			sourceTree = "<group>";
		};
		FBFF065D2B5F5129003B54D6 /* LaunchScreen.storyboard */ = {
			isa = PBXVariantGroup;
			children = (
				FBFF065E2B5F5129003B54D6 /* Base */,
			);
			name = LaunchScreen.storyboard;
			sourceTree = "<group>";
		};
/* End PBXVariantGroup section */

/* Begin XCBuildConfiguration section */
		FBFF06772B5F5129003B54D6 /* Debug */ = {
			isa = XCBuildConfiguration;
			buildSettings = {
				ALWAYS_SEARCH_USER_PATHS = NO;
				CLANG_ANALYZER_NONNULL = YES;
				CLANG_ANALYZER_NUMBER_OBJECT_CONVERSION = YES_AGGRESSIVE;
				CLANG_CXX_LANGUAGE_STANDARD = "gnu++20";
				CLANG_ENABLE_MODULES = YES;
				CLANG_ENABLE_OBJC_ARC = YES;
				CLANG_ENABLE_OBJC_WEAK = YES;
				CLANG_WARN_BLOCK_CAPTURE_AUTORELEASING = YES;
				CLANG_WARN_BOOL_CONVERSION = YES;
				CLANG_WARN_COMMA = YES;
				CLANG_WARN_CONSTANT_CONVERSION = YES;
				CLANG_WARN_DEPRECATED_OBJC_IMPLEMENTATIONS = YES;
				CLANG_WARN_DIRECT_OBJC_ISA_USAGE = YES_ERROR;
				CLANG_WARN_DOCUMENTATION_COMMENTS = YES;
				CLANG_WARN_EMPTY_BODY = YES;
				CLANG_WARN_ENUM_CONVERSION = YES;
				CLANG_WARN_INFINITE_RECURSION = YES;
				CLANG_WARN_INT_CONVERSION = YES;
				CLANG_WARN_NON_LITERAL_NULL_CONVERSION = YES;
				CLANG_WARN_OBJC_IMPLICIT_RETAIN_SELF = YES;
				CLANG_WARN_OBJC_LITERAL_CONVERSION = YES;
				CLANG_WARN_OBJC_ROOT_CLASS = YES_ERROR;
				CLANG_WARN_QUOTED_INCLUDE_IN_FRAMEWORK_HEADER = YES;
				CLANG_WARN_RANGE_LOOP_ANALYSIS = YES;
				CLANG_WARN_STRICT_PROTOTYPES = YES;
				CLANG_WARN_SUSPICIOUS_MOVE = YES;
				CLANG_WARN_UNGUARDED_AVAILABILITY = YES_AGGRESSIVE;
				CLANG_WARN_UNREACHABLE_CODE = YES;
				CLANG_WARN__DUPLICATE_METHOD_MATCH = YES;
				COPY_PHASE_STRIP = NO;
				DEBUG_INFORMATION_FORMAT = dwarf;
				ENABLE_STRICT_OBJC_MSGSEND = YES;
				ENABLE_TESTABILITY = YES;
				GCC_C_LANGUAGE_STANDARD = gnu11;
				GCC_DYNAMIC_NO_PIC = NO;
				GCC_NO_COMMON_BLOCKS = YES;
				GCC_OPTIMIZATION_LEVEL = 0;
				GCC_PREPROCESSOR_DEFINITIONS = (
					"DEBUG=1",
					"$(inherited)",
				);
				GCC_WARN_64_TO_32_BIT_CONVERSION = YES;
				GCC_WARN_ABOUT_RETURN_TYPE = YES_ERROR;
				GCC_WARN_UNDECLARED_SELECTOR = YES;
				GCC_WARN_UNINITIALIZED_AUTOS = YES_AGGRESSIVE;
				GCC_WARN_UNUSED_FUNCTION = YES;
				GCC_WARN_UNUSED_VARIABLE = YES;
				IPHONEOS_DEPLOYMENT_TARGET = 16.4;
				MTL_ENABLE_DEBUG_INFO = INCLUDE_SOURCE;
				MTL_FAST_MATH = YES;
				ONLY_ACTIVE_ARCH = YES;
				SDKROOT = iphoneos;
				SWIFT_ACTIVE_COMPILATION_CONDITIONS = DEBUG;
				SWIFT_OPTIMIZATION_LEVEL = "-Onone";
			};
			name = Debug;
		};
		FBFF06782B5F5129003B54D6 /* Release */ = {
			isa = XCBuildConfiguration;
			buildSettings = {
				ALWAYS_SEARCH_USER_PATHS = NO;
				CLANG_ANALYZER_NONNULL = YES;
				CLANG_ANALYZER_NUMBER_OBJECT_CONVERSION = YES_AGGRESSIVE;
				CLANG_CXX_LANGUAGE_STANDARD = "gnu++20";
				CLANG_ENABLE_MODULES = YES;
				CLANG_ENABLE_OBJC_ARC = YES;
				CLANG_ENABLE_OBJC_WEAK = YES;
				CLANG_WARN_BLOCK_CAPTURE_AUTORELEASING = YES;
				CLANG_WARN_BOOL_CONVERSION = YES;
				CLANG_WARN_COMMA = YES;
				CLANG_WARN_CONSTANT_CONVERSION = YES;
				CLANG_WARN_DEPRECATED_OBJC_IMPLEMENTATIONS = YES;
				CLANG_WARN_DIRECT_OBJC_ISA_USAGE = YES_ERROR;
				CLANG_WARN_DOCUMENTATION_COMMENTS = YES;
				CLANG_WARN_EMPTY_BODY = YES;
				CLANG_WARN_ENUM_CONVERSION = YES;
				CLANG_WARN_INFINITE_RECURSION = YES;
				CLANG_WARN_INT_CONVERSION = YES;
				CLANG_WARN_NON_LITERAL_NULL_CONVERSION = YES;
				CLANG_WARN_OBJC_IMPLICIT_RETAIN_SELF = YES;
				CLANG_WARN_OBJC_LITERAL_CONVERSION = YES;
				CLANG_WARN_OBJC_ROOT_CLASS = YES_ERROR;
				CLANG_WARN_QUOTED_INCLUDE_IN_FRAMEWORK_HEADER = YES;
				CLANG_WARN_RANGE_LOOP_ANALYSIS = YES;
				CLANG_WARN_STRICT_PROTOTYPES = YES;
				CLANG_WARN_SUSPICIOUS_MOVE = YES;
				CLANG_WARN_UNGUARDED_AVAILABILITY = YES_AGGRESSIVE;
				CLANG_WARN_UNREACHABLE_CODE = YES;
				CLANG_WARN__DUPLICATE_METHOD_MATCH = YES;
				COPY_PHASE_STRIP = NO;
				DEBUG_INFORMATION_FORMAT = "dwarf-with-dsym";
				ENABLE_NS_ASSERTIONS = NO;
				ENABLE_STRICT_OBJC_MSGSEND = YES;
				GCC_C_LANGUAGE_STANDARD = gnu11;
				GCC_NO_COMMON_BLOCKS = YES;
				GCC_WARN_64_TO_32_BIT_CONVERSION = YES;
				GCC_WARN_ABOUT_RETURN_TYPE = YES_ERROR;
				GCC_WARN_UNDECLARED_SELECTOR = YES;
				GCC_WARN_UNINITIALIZED_AUTOS = YES_AGGRESSIVE;
				GCC_WARN_UNUSED_FUNCTION = YES;
				GCC_WARN_UNUSED_VARIABLE = YES;
				IPHONEOS_DEPLOYMENT_TARGET = 16.4;
				MTL_ENABLE_DEBUG_INFO = NO;
				MTL_FAST_MATH = YES;
				SDKROOT = iphoneos;
				SWIFT_COMPILATION_MODE = wholemodule;
				SWIFT_OPTIMIZATION_LEVEL = "-O";
				VALIDATE_PRODUCT = YES;
			};
			name = Release;
		};
		FBFF067A2B5F5129003B54D6 /* Debug */ = {
			isa = XCBuildConfiguration;
			buildSettings = {
				ASSETCATALOG_COMPILER_APPICON_NAME = AppIcon;
				ASSETCATALOG_COMPILER_GLOBAL_ACCENT_COLOR_NAME = AccentColor;
				CODE_SIGN_STYLE = Automatic;
				CURRENT_PROJECT_VERSION = 1;
				GENERATE_INFOPLIST_FILE = YES;
				INFOPLIST_FILE = Actividad2/Info.plist;
				INFOPLIST_KEY_UIApplicationSupportsIndirectInputEvents = YES;
				INFOPLIST_KEY_UILaunchStoryboardName = LaunchScreen;
				INFOPLIST_KEY_UIMainStoryboardFile = Main;
				INFOPLIST_KEY_UISupportedInterfaceOrientations_iPad = "UIInterfaceOrientationPortrait UIInterfaceOrientationPortraitUpsideDown UIInterfaceOrientationLandscapeLeft UIInterfaceOrientationLandscapeRight";
				INFOPLIST_KEY_UISupportedInterfaceOrientations_iPhone = "UIInterfaceOrientationPortrait UIInterfaceOrientationLandscapeLeft UIInterfaceOrientationLandscapeRight";
				LD_RUNPATH_SEARCH_PATHS = (
					"$(inherited)",
					"@executable_path/Frameworks",
				);
				MARKETING_VERSION = 1.0;
				PRODUCT_BUNDLE_IDENTIFIER = emi.Actividad2;
				PRODUCT_NAME = "$(TARGET_NAME)";
				SWIFT_EMIT_LOC_STRINGS = YES;
				SWIFT_VERSION = 5.0;
				TARGETED_DEVICE_FAMILY = "1,2";
			};
			name = Debug;
		};
		FBFF067B2B5F5129003B54D6 /* Release */ = {
			isa = XCBuildConfiguration;
			buildSettings = {
				ASSETCATALOG_COMPILER_APPICON_NAME = AppIcon;
				ASSETCATALOG_COMPILER_GLOBAL_ACCENT_COLOR_NAME = AccentColor;
				CODE_SIGN_STYLE = Automatic;
				CURRENT_PROJECT_VERSION = 1;
				GENERATE_INFOPLIST_FILE = YES;
				INFOPLIST_FILE = Actividad2/Info.plist;
				INFOPLIST_KEY_UIApplicationSupportsIndirectInputEvents = YES;
				INFOPLIST_KEY_UILaunchStoryboardName = LaunchScreen;
				INFOPLIST_KEY_UIMainStoryboardFile = Main;
				INFOPLIST_KEY_UISupportedInterfaceOrientations_iPad = "UIInterfaceOrientationPortrait UIInterfaceOrientationPortraitUpsideDown UIInterfaceOrientationLandscapeLeft UIInterfaceOrientationLandscapeRight";
				INFOPLIST_KEY_UISupportedInterfaceOrientations_iPhone = "UIInterfaceOrientationPortrait UIInterfaceOrientationLandscapeLeft UIInterfaceOrientationLandscapeRight";
				LD_RUNPATH_SEARCH_PATHS = (
					"$(inherited)",
					"@executable_path/Frameworks",
				);
				MARKETING_VERSION = 1.0;
				PRODUCT_BUNDLE_IDENTIFIER = emi.Actividad2;
				PRODUCT_NAME = "$(TARGET_NAME)";
				SWIFT_EMIT_LOC_STRINGS = YES;
				SWIFT_VERSION = 5.0;
				TARGETED_DEVICE_FAMILY = "1,2";
			};
			name = Release;
		};
		FBFF067D2B5F5129003B54D6 /* Debug */ = {
			isa = XCBuildConfiguration;
			buildSettings = {
				ALWAYS_EMBED_SWIFT_STANDARD_LIBRARIES = YES;
				BUNDLE_LOADER = "$(TEST_HOST)";
				CODE_SIGN_STYLE = Automatic;
				CURRENT_PROJECT_VERSION = 1;
				GENERATE_INFOPLIST_FILE = YES;
				IPHONEOS_DEPLOYMENT_TARGET = 16.4;
				MARKETING_VERSION = 1.0;
				PRODUCT_BUNDLE_IDENTIFIER = emi.Actividad2Tests;
				PRODUCT_NAME = "$(TARGET_NAME)";
				SWIFT_EMIT_LOC_STRINGS = NO;
				SWIFT_VERSION = 5.0;
				TARGETED_DEVICE_FAMILY = "1,2";
				TEST_HOST = "$(BUILT_PRODUCTS_DIR)/Actividad2.app/$(BUNDLE_EXECUTABLE_FOLDER_PATH)/Actividad2";
			};
			name = Debug;
		};
		FBFF067E2B5F5129003B54D6 /* Release */ = {
			isa = XCBuildConfiguration;
			buildSettings = {
				ALWAYS_EMBED_SWIFT_STANDARD_LIBRARIES = YES;
				BUNDLE_LOADER = "$(TEST_HOST)";
				CODE_SIGN_STYLE = Automatic;
				CURRENT_PROJECT_VERSION = 1;
				GENERATE_INFOPLIST_FILE = YES;
				IPHONEOS_DEPLOYMENT_TARGET = 16.4;
				MARKETING_VERSION = 1.0;
				PRODUCT_BUNDLE_IDENTIFIER = emi.Actividad2Tests;
				PRODUCT_NAME = "$(TARGET_NAME)";
				SWIFT_EMIT_LOC_STRINGS = NO;
				SWIFT_VERSION = 5.0;
				TARGETED_DEVICE_FAMILY = "1,2";
				TEST_HOST = "$(BUILT_PRODUCTS_DIR)/Actividad2.app/$(BUNDLE_EXECUTABLE_FOLDER_PATH)/Actividad2";
			};
			name = Release;
		};
		FBFF06802B5F5129003B54D6 /* Debug */ = {
			isa = XCBuildConfiguration;
			buildSettings = {
				ALWAYS_EMBED_SWIFT_STANDARD_LIBRARIES = YES;
				CODE_SIGN_STYLE = Automatic;
				CURRENT_PROJECT_VERSION = 1;
				GENERATE_INFOPLIST_FILE = YES;
				MARKETING_VERSION = 1.0;
				PRODUCT_BUNDLE_IDENTIFIER = emi.Actividad2UITests;
				PRODUCT_NAME = "$(TARGET_NAME)";
				SWIFT_EMIT_LOC_STRINGS = NO;
				SWIFT_VERSION = 5.0;
				TARGETED_DEVICE_FAMILY = "1,2";
				TEST_TARGET_NAME = Actividad2;
			};
			name = Debug;
		};
		FBFF06812B5F5129003B54D6 /* Release */ = {
			isa = XCBuildConfiguration;
			buildSettings = {
				ALWAYS_EMBED_SWIFT_STANDARD_LIBRARIES = YES;
				CODE_SIGN_STYLE = Automatic;
				CURRENT_PROJECT_VERSION = 1;
				GENERATE_INFOPLIST_FILE = YES;
				MARKETING_VERSION = 1.0;
				PRODUCT_BUNDLE_IDENTIFIER = emi.Actividad2UITests;
				PRODUCT_NAME = "$(TARGET_NAME)";
				SWIFT_EMIT_LOC_STRINGS = NO;
				SWIFT_VERSION = 5.0;
				TARGETED_DEVICE_FAMILY = "1,2";
				TEST_TARGET_NAME = Actividad2;
			};
			name = Release;
		};
/* End XCBuildConfiguration section */

/* Begin XCConfigurationList section */
		FBFF064A2B5F5128003B54D6 /* Build configuration list for PBXProject "Actividad2" */ = {
			isa = XCConfigurationList;
			buildConfigurations = (
				FBFF06772B5F5129003B54D6 /* Debug */,
				FBFF06782B5F5129003B54D6 /* Release */,
			);
			defaultConfigurationIsVisible = 0;
			defaultConfigurationName = Release;
		};
		FBFF06792B5F5129003B54D6 /* Build configuration list for PBXNativeTarget "Actividad2" */ = {
			isa = XCConfigurationList;
			buildConfigurations = (
				FBFF067A2B5F5129003B54D6 /* Debug */,
				FBFF067B2B5F5129003B54D6 /* Release */,
			);
			defaultConfigurationIsVisible = 0;
			defaultConfigurationName = Release;
		};
		FBFF067C2B5F5129003B54D6 /* Build configuration list for PBXNativeTarget "Actividad2Tests" */ = {
			isa = XCConfigurationList;
			buildConfigurations = (
				FBFF067D2B5F5129003B54D6 /* Debug */,
				FBFF067E2B5F5129003B54D6 /* Release */,
			);
			defaultConfigurationIsVisible = 0;
			defaultConfigurationName = Release;
		};
		FBFF067F2B5F5129003B54D6 /* Build configuration list for PBXNativeTarget "Actividad2UITests" */ = {
			isa = XCConfigurationList;
			buildConfigurations = (
				FBFF06802B5F5129003B54D6 /* Debug */,
				FBFF06812B5F5129003B54D6 /* Release */,
			);
			defaultConfigurationIsVisible = 0;
			defaultConfigurationName = Release;
		};
/* End XCConfigurationList section */
	};
	rootObject = FBFF06472B5F5128003B54D6 /* Project object */;
}
